PODS:
  - RESideMenu (4.0.7)
  - SnapKit (0.21.1)

DEPENDENCIES:
  - RESideMenu (~> 4.0.7)
  - SnapKit (~> 0.21.0)

SPEC CHECKSUMS:
  RESideMenu: f24c508404b49c667344c54aba7e590883533958
  SnapKit: bbad04cb016c7cead63965f16b00c09318d271ee

PODFILE CHECKSUM: b4a9b8c8526ca7e5546ce426cf28fc1f397084bb

COCOAPODS: 1.0.1
